
Microsoft Visual Studio Solution File, Format Version 12.00
# Visual Studio 15
VisualStudioVersion = 15.0.27703.2026
MinimumVisualStudioVersion = 10.0.40219.1
Project("{FAE04EC0-301F-11D3-BF4B-00C04F79EFBC}") = "cSharpBeginnerFourControlFlow", "cSharpBeginnerFourControlFlow\cSharpBeginnerFourControlFlow.csproj", "{5511807C-2C2D-490E-8AFB-7E46949DBD62}"
EndProject
Global
	GlobalSection(SolutionConfigurationPlatforms) = preSolution
		Debug|Any CPU = Debug|Any CPU
		Release|Any CPU = Release|Any CPU
	EndGlobalSection
	GlobalSection(ProjectConfigurationPlatforms) = postSolution
		{5511807C-2C2D-490E-8AFB-7E46949DBD62}.Debug|Any CPU.ActiveCfg = Debug|Any CPU
		{5511807C-2C2D-490E-8AFB-7E46949DBD62}.Debug|Any CPU.Build.0 = Debug|Any CPU
		{5511807C-2C2D-490E-8AFB-7E46949DBD62}.Release|Any CPU.ActiveCfg = Release|Any CPU
		{5511807C-2C2D-490E-8AFB-7E46949DBD62}.Release|Any CPU.Build.0 = Release|Any CPU
	EndGlobalSection
	GlobalSection(SolutionProperties) = preSolution
		HideSolutionNode = FALSE
	EndGlobalSection
	GlobalSection(ExtensibilityGlobals) = postSolution
		SolutionGuid = {CE8508DD-DFA4-4B9E-BE1D-2F4680962ACD}
	EndGlobalSection
EndGlobal
