
Microsoft Visual Studio Solution File, Format Version 12.00
# Visual Studio 15
VisualStudioVersion = 15.0.27703.2026
MinimumVisualStudioVersion = 10.0.40219.1
Project("{FAE04EC0-301F-11D3-BF4B-00C04F79EFBC}") = "cSharpBeginnerFiveArraysAndLists", "cSharpBeginnerFiveArraysAndLists\cSharpBeginnerFiveArraysAndLists.csproj", "{210FECDC-EA1C-4270-9663-2F77823EC2F9}"
EndProject
Global
	GlobalSection(SolutionConfigurationPlatforms) = preSolution
		Debug|Any CPU = Debug|Any CPU
		Release|Any CPU = Release|Any CPU
	EndGlobalSection
	GlobalSection(ProjectConfigurationPlatforms) = postSolution
		{210FECDC-EA1C-4270-9663-2F77823EC2F9}.Debug|Any CPU.ActiveCfg = Debug|Any CPU
		{210FECDC-EA1C-4270-9663-2F77823EC2F9}.Debug|Any CPU.Build.0 = Debug|Any CPU
		{210FECDC-EA1C-4270-9663-2F77823EC2F9}.Release|Any CPU.ActiveCfg = Release|Any CPU
		{210FECDC-EA1C-4270-9663-2F77823EC2F9}.Release|Any CPU.Build.0 = Release|Any CPU
	EndGlobalSection
	GlobalSection(SolutionProperties) = preSolution
		HideSolutionNode = FALSE
	EndGlobalSection
	GlobalSection(ExtensibilityGlobals) = postSolution
		SolutionGuid = {13ADDB62-8ED7-4464-9A69-1843A54326CA}
	EndGlobalSection
EndGlobal
